// !$*UTF8*$!
{
	archiveVersion = 1;
	classes = {
	};
	objectVersion = 56;
	objects = {

/* Begin PBXBuildFile section */
		7065BAEB2B28DBE900CBABB8 /* AppDelegate.swift in Sources */ = {isa = PBXBuildFile; fileRef = 7065BAEA2B28DBE900CBABB8 /* AppDelegate.swift */; };
		7065BAED2B28DBE900CBABB8 /* SceneDelegate.swift in Sources */ = {isa = PBXBuildFile; fileRef = 7065BAEC2B28DBE900CBABB8 /* SceneDelegate.swift */; };
		7065BAEF2B28DBE900CBABB8 /* LaunchController.swift in Sources */ = {isa = PBXBuildFile; fileRef = 7065BAEE2B28DBE900CBABB8 /* LaunchController.swift */; };
		7065BAF42B28DBED00CBABB8 /* Assets.xcassets in Resources */ = {isa = PBXBuildFile; fileRef = 7065BAF32B28DBED00CBABB8 /* Assets.xcassets */; };
		7065BAF72B28DBED00CBABB8 /* LaunchScreen.storyboard in Resources */ = {isa = PBXBuildFile; fileRef = 7065BAF52B28DBED00CBABB8 /* LaunchScreen.storyboard */; };
		7065BAFF2B28DC3800CBABB8 /* Episodes.swift in Sources */ = {isa = PBXBuildFile; fileRef = 7065BAFE2B28DC3800CBABB8 /* Episodes.swift */; };
		7065BB022B28DCB100CBABB8 /* EpisodesController.swift in Sources */ = {isa = PBXBuildFile; fileRef = 7065BB012B28DCB100CBABB8 /* EpisodesController.swift */; };
		7065BB042B28DCCA00CBABB8 /* FavoritesController.swift in Sources */ = {isa = PBXBuildFile; fileRef = 7065BB032B28DCCA00CBABB8 /* FavoritesController.swift */; };
		7065BB062B28DF3700CBABB8 /* Image.swift in Sources */ = {isa = PBXBuildFile; fileRef = 7065BB052B28DF3700CBABB8 /* Image.swift */; };
		7065BB0B2B29DFF700CBABB8 /* EpisodeCell.swift in Sources */ = {isa = PBXBuildFile; fileRef = 7065BB0A2B29DFF700CBABB8 /* EpisodeCell.swift */; };
		7065BB0E2B2A075300CBABB8 /* Model.swift in Sources */ = {isa = PBXBuildFile; fileRef = 7065BB0D2B2A075300CBABB8 /* Model.swift */; };
		7065BB112B2A1EE500CBABB8 /* Characters.swift in Sources */ = {isa = PBXBuildFile; fileRef = 7065BB102B2A1EE500CBABB8 /* Characters.swift */; };
		7065BB132B2B89E900CBABB8 /* RequiredResult.swift in Sources */ = {isa = PBXBuildFile; fileRef = 7065BB122B2B89E900CBABB8 /* RequiredResult.swift */; };
		7065BB152B2D94FC00CBABB8 /* DetailsController.swift in Sources */ = {isa = PBXBuildFile; fileRef = 7065BB142B2D94FC00CBABB8 /* DetailsController.swift */; };
		7065BB192B2DC04A00CBABB8 /* DetailsCell.swift in Sources */ = {isa = PBXBuildFile; fileRef = 7065BB182B2DC04A00CBABB8 /* DetailsCell.swift */; };
		7065BB1E2B2F21FD00CBABB8 /* CoreDataModelEpisodes.xcdatamodeld in Sources */ = {isa = PBXBuildFile; fileRef = 7065BB1C2B2F21FC00CBABB8 /* CoreDataModelEpisodes.xcdatamodeld */; };
		7065BB262B2F340E00CBABB8 /* EpisodeData+CoreDataProperties.swift in Sources */ = {isa = PBXBuildFile; fileRef = 7065BB242B2F340E00CBABB8 /* EpisodeData+CoreDataProperties.swift */; };
		7065BB282B2F34BA00CBABB8 /* CoreDataManager.swift in Sources */ = {isa = PBXBuildFile; fileRef = 7065BB272B2F34BA00CBABB8 /* CoreDataManager.swift */; };
/* End PBXBuildFile section */

/* Begin PBXFileReference section */
		7065BAE72B28DBE900CBABB8 /* RickAndMorty.app */ = {isa = PBXFileReference; explicitFileType = wrapper.application; includeInIndex = 0; path = RickAndMorty.app; sourceTree = BUILT_PRODUCTS_DIR; };
		7065BAEA2B28DBE900CBABB8 /* AppDelegate.swift */ = {isa = PBXFileReference; lastKnownFileType = sourcecode.swift; path = AppDelegate.swift; sourceTree = "<group>"; };
		7065BAEC2B28DBE900CBABB8 /* SceneDelegate.swift */ = {isa = PBXFileReference; lastKnownFileType = sourcecode.swift; path = SceneDelegate.swift; sourceTree = "<group>"; };
		7065BAEE2B28DBE900CBABB8 /* LaunchController.swift */ = {isa = PBXFileReference; lastKnownFileType = sourcecode.swift; path = LaunchController.swift; sourceTree = "<group>"; };
		7065BAF32B28DBED00CBABB8 /* Assets.xcassets */ = {isa = PBXFileReference; lastKnownFileType = folder.assetcatalog; path = Assets.xcassets; sourceTree = "<group>"; };
		7065BAF62B28DBED00CBABB8 /* Base */ = {isa = PBXFileReference; lastKnownFileType = file.storyboard; name = Base; path = Base.lproj/LaunchScreen.storyboard; sourceTree = "<group>"; };
		7065BAF82B28DBED00CBABB8 /* Info.plist */ = {isa = PBXFileReference; lastKnownFileType = text.plist.xml; path = Info.plist; sourceTree = "<group>"; };
		7065BAFE2B28DC3800CBABB8 /* Episodes.swift */ = {isa = PBXFileReference; lastKnownFileType = sourcecode.swift; path = Episodes.swift; sourceTree = "<group>"; };
		7065BB012B28DCB100CBABB8 /* EpisodesController.swift */ = {isa = PBXFileReference; lastKnownFileType = sourcecode.swift; path = EpisodesController.swift; sourceTree = "<group>"; };
		7065BB032B28DCCA00CBABB8 /* FavoritesController.swift */ = {isa = PBXFileReference; lastKnownFileType = sourcecode.swift; path = FavoritesController.swift; sourceTree = "<group>"; };
		7065BB052B28DF3700CBABB8 /* Image.swift */ = {isa = PBXFileReference; lastKnownFileType = sourcecode.swift; path = Image.swift; sourceTree = "<group>"; };
		7065BB0A2B29DFF700CBABB8 /* EpisodeCell.swift */ = {isa = PBXFileReference; lastKnownFileType = sourcecode.swift; path = EpisodeCell.swift; sourceTree = "<group>"; };
		7065BB0D2B2A075300CBABB8 /* Model.swift */ = {isa = PBXFileReference; lastKnownFileType = sourcecode.swift; path = Model.swift; sourceTree = "<group>"; };
		7065BB102B2A1EE500CBABB8 /* Characters.swift */ = {isa = PBXFileReference; lastKnownFileType = sourcecode.swift; path = Characters.swift; sourceTree = "<group>"; };
		7065BB122B2B89E900CBABB8 /* RequiredResult.swift */ = {isa = PBXFileReference; lastKnownFileType = sourcecode.swift; path = RequiredResult.swift; sourceTree = "<group>"; };
		7065BB142B2D94FC00CBABB8 /* DetailsController.swift */ = {isa = PBXFileReference; lastKnownFileType = sourcecode.swift; path = DetailsController.swift; sourceTree = "<group>"; };
		7065BB182B2DC04A00CBABB8 /* DetailsCell.swift */ = {isa = PBXFileReference; lastKnownFileType = sourcecode.swift; path = DetailsCell.swift; sourceTree = "<group>"; };
		7065BB1D2B2F21FD00CBABB8 /* CoreDataModelEpisodes.xcdatamodel */ = {isa = PBXFileReference; lastKnownFileType = wrapper.xcdatamodel; path = CoreDataModelEpisodes.xcdatamodel; sourceTree = "<group>"; };
		7065BB242B2F340E00CBABB8 /* EpisodeData+CoreDataProperties.swift */ = {isa = PBXFileReference; lastKnownFileType = sourcecode.swift; path = "EpisodeData+CoreDataProperties.swift"; sourceTree = "<group>"; };
		7065BB272B2F34BA00CBABB8 /* CoreDataManager.swift */ = {isa = PBXFileReference; lastKnownFileType = sourcecode.swift; path = CoreDataManager.swift; sourceTree = "<group>"; };
/* End PBXFileReference section */

/* Begin PBXFrameworksBuildPhase section */
		7065BAE42B28DBE900CBABB8 /* Frameworks */ = {
			isa = PBXFrameworksBuildPhase;
			buildActionMask = 2147483647;
			files = (
			);
			runOnlyForDeploymentPostprocessing = 0;
		};
/* End PBXFrameworksBuildPhase section */

/* Begin PBXGroup section */
		7065BADE2B28DBE900CBABB8 = {
			isa = PBXGroup;
			children = (
				7065BAE92B28DBE900CBABB8 /* RickAndMorty */,
				7065BAE82B28DBE900CBABB8 /* Products */,
			);
			sourceTree = "<group>";
		};
		7065BAE82B28DBE900CBABB8 /* Products */ = {
			isa = PBXGroup;
			children = (
				7065BAE72B28DBE900CBABB8 /* RickAndMorty.app */,
			);
			name = Products;
			sourceTree = "<group>";
		};
		7065BAE92B28DBE900CBABB8 /* RickAndMorty */ = {
			isa = PBXGroup;
			children = (
				7065BB0C2B2A072100CBABB8 /* Models */,
				7065BB002B28DC8500CBABB8 /* Controllers */,
				7065BB072B28E18900CBABB8 /* Views */,
				7065BB0F2B2A1EA700CBABB8 /* RequestResults */,
				7065BAEA2B28DBE900CBABB8 /* AppDelegate.swift */,
				7065BAEC2B28DBE900CBABB8 /* SceneDelegate.swift */,
				7065BB1C2B2F21FC00CBABB8 /* CoreDataModelEpisodes.xcdatamodeld */,
				7065BAF32B28DBED00CBABB8 /* Assets.xcassets */,
				7065BAF52B28DBED00CBABB8 /* LaunchScreen.storyboard */,
				7065BAF82B28DBED00CBABB8 /* Info.plist */,
			);
			path = RickAndMorty;
			sourceTree = "<group>";
		};
		7065BB002B28DC8500CBABB8 /* Controllers */ = {
			isa = PBXGroup;
			children = (
				7065BAEE2B28DBE900CBABB8 /* LaunchController.swift */,
				7065BB012B28DCB100CBABB8 /* EpisodesController.swift */,
				7065BB142B2D94FC00CBABB8 /* DetailsController.swift */,
				7065BB032B28DCCA00CBABB8 /* FavoritesController.swift */,
			);
			path = Controllers;
			sourceTree = "<group>";
		};
		7065BB072B28E18900CBABB8 /* Views */ = {
			isa = PBXGroup;
			children = (
				7065BB052B28DF3700CBABB8 /* Image.swift */,
				7065BB0A2B29DFF700CBABB8 /* EpisodeCell.swift */,
				7065BB182B2DC04A00CBABB8 /* DetailsCell.swift */,
			);
			path = Views;
			sourceTree = "<group>";
		};
		7065BB0C2B2A072100CBABB8 /* Models */ = {
			isa = PBXGroup;
			children = (
				7065BB242B2F340E00CBABB8 /* EpisodeData+CoreDataProperties.swift */,
				7065BB272B2F34BA00CBABB8 /* CoreDataManager.swift */,
				7065BB0D2B2A075300CBABB8 /* Model.swift */,
			);
			path = Models;
			sourceTree = "<group>";
		};
		7065BB0F2B2A1EA700CBABB8 /* RequestResults */ = {
			isa = PBXGroup;
			children = (
				7065BAFE2B28DC3800CBABB8 /* Episodes.swift */,
				7065BB102B2A1EE500CBABB8 /* Characters.swift */,
				7065BB122B2B89E900CBABB8 /* RequiredResult.swift */,
			);
			path = RequestResults;
			sourceTree = "<group>";
		};
/* End PBXGroup section */

/* Begin PBXNativeTarget section */
		7065BAE62B28DBE900CBABB8 /* RickAndMorty */ = {
			isa = PBXNativeTarget;
			buildConfigurationList = 7065BAFB2B28DBED00CBABB8 /* Build configuration list for PBXNativeTarget "RickAndMorty" */;
			buildPhases = (
				7065BAE32B28DBE900CBABB8 /* Sources */,
				7065BAE42B28DBE900CBABB8 /* Frameworks */,
				7065BAE52B28DBE900CBABB8 /* Resources */,
			);
			buildRules = (
			);
			dependencies = (
			);
			name = RickAndMorty;
			productName = RickAndMorty;
			productReference = 7065BAE72B28DBE900CBABB8 /* RickAndMorty.app */;
			productType = "com.apple.product-type.application";
		};
/* End PBXNativeTarget section */

/* Begin PBXProject section */
		7065BADF2B28DBE900CBABB8 /* Project object */ = {
			isa = PBXProject;
			attributes = {
				BuildIndependentTargetsInParallel = 1;
				LastSwiftUpdateCheck = 1430;
				LastUpgradeCheck = 1430;
				TargetAttributes = {
					7065BAE62B28DBE900CBABB8 = {
						CreatedOnToolsVersion = 14.3.1;
					};
				};
			};
			buildConfigurationList = 7065BAE22B28DBE900CBABB8 /* Build configuration list for PBXProject "RickAndMorty" */;
			compatibilityVersion = "Xcode 14.0";
			developmentRegion = en;
			hasScannedForEncodings = 0;
			knownRegions = (
				en,
				Base,
			);
			mainGroup = 7065BADE2B28DBE900CBABB8;
			productRefGroup = 7065BAE82B28DBE900CBABB8 /* Products */;
			projectDirPath = "";
			projectRoot = "";
			targets = (
				7065BAE62B28DBE900CBABB8 /* RickAndMorty */,
			);
		};
/* End PBXProject section */

/* Begin PBXResourcesBuildPhase section */
		7065BAE52B28DBE900CBABB8 /* Resources */ = {
			isa = PBXResourcesBuildPhase;
			buildActionMask = 2147483647;
			files = (
				7065BAF72B28DBED00CBABB8 /* LaunchScreen.storyboard in Resources */,
				7065BAF42B28DBED00CBABB8 /* Assets.xcassets in Resources */,
			);
			runOnlyForDeploymentPostprocessing = 0;
		};
/* End PBXResourcesBuildPhase section */

/* Begin PBXSourcesBuildPhase section */
		7065BAE32B28DBE900CBABB8 /* Sources */ = {
			isa = PBXSourcesBuildPhase;
			buildActionMask = 2147483647;
			files = (
				7065BAEF2B28DBE900CBABB8 /* LaunchController.swift in Sources */,
				7065BB022B28DCB100CBABB8 /* EpisodesController.swift in Sources */,
				7065BB192B2DC04A00CBABB8 /* DetailsCell.swift in Sources */,
				7065BB112B2A1EE500CBABB8 /* Characters.swift in Sources */,
				7065BAFF2B28DC3800CBABB8 /* Episodes.swift in Sources */,
				7065BB1E2B2F21FD00CBABB8 /* CoreDataModelEpisodes.xcdatamodeld in Sources */,
				7065BB152B2D94FC00CBABB8 /* DetailsController.swift in Sources */,
				7065BAEB2B28DBE900CBABB8 /* AppDelegate.swift in Sources */,
				7065BB0E2B2A075300CBABB8 /* Model.swift in Sources */,
				7065BB062B28DF3700CBABB8 /* Image.swift in Sources */,
				7065BAED2B28DBE900CBABB8 /* SceneDelegate.swift in Sources */,
				7065BB042B28DCCA00CBABB8 /* FavoritesController.swift in Sources */,
				7065BB262B2F340E00CBABB8 /* EpisodeData+CoreDataProperties.swift in Sources */,
				7065BB0B2B29DFF700CBABB8 /* EpisodeCell.swift in Sources */,
				7065BB132B2B89E900CBABB8 /* RequiredResult.swift in Sources */,
				7065BB282B2F34BA00CBABB8 /* CoreDataManager.swift in Sources */,
			);
			runOnlyForDeploymentPostprocessing = 0;
		};
/* End PBXSourcesBuildPhase section */

/* Begin PBXVariantGroup section */
		7065BAF52B28DBED00CBABB8 /* LaunchScreen.storyboard */ = {
			isa = PBXVariantGroup;
			children = (
				7065BAF62B28DBED00CBABB8 /* Base */,
			);
			name = LaunchScreen.storyboard;
			sourceTree = "<group>";
		};
/* End PBXVariantGroup section */

/* Begin XCBuildConfiguration section */
		7065BAF92B28DBED00CBABB8 /* Debug */ = {
			isa = XCBuildConfiguration;
			buildSettings = {
				ALWAYS_SEARCH_USER_PATHS = NO;
				CLANG_ANALYZER_NONNULL = YES;
				CLANG_ANALYZER_NUMBER_OBJECT_CONVERSION = YES_AGGRESSIVE;
				CLANG_CXX_LANGUAGE_STANDARD = "gnu++20";
				CLANG_ENABLE_MODULES = YES;
				CLANG_ENABLE_OBJC_ARC = YES;
				CLANG_ENABLE_OBJC_WEAK = YES;
				CLANG_WARN_BLOCK_CAPTURE_AUTORELEASING = YES;
				CLANG_WARN_BOOL_CONVERSION = YES;
				CLANG_WARN_COMMA = YES;
				CLANG_WARN_CONSTANT_CONVERSION = YES;
				CLANG_WARN_DEPRECATED_OBJC_IMPLEMENTATIONS = YES;
				CLANG_WARN_DIRECT_OBJC_ISA_USAGE = YES_ERROR;
				CLANG_WARN_DOCUMENTATION_COMMENTS = YES;
				CLANG_WARN_EMPTY_BODY = YES;
				CLANG_WARN_ENUM_CONVERSION = YES;
				CLANG_WARN_INFINITE_RECURSION = YES;
				CLANG_WARN_INT_CONVERSION = YES;
				CLANG_WARN_NON_LITERAL_NULL_CONVERSION = YES;
				CLANG_WARN_OBJC_IMPLICIT_RETAIN_SELF = YES;
				CLANG_WARN_OBJC_LITERAL_CONVERSION = YES;
				CLANG_WARN_OBJC_ROOT_CLASS = YES_ERROR;
				CLANG_WARN_QUOTED_INCLUDE_IN_FRAMEWORK_HEADER = YES;
				CLANG_WARN_RANGE_LOOP_ANALYSIS = YES;
				CLANG_WARN_STRICT_PROTOTYPES = YES;
				CLANG_WARN_SUSPICIOUS_MOVE = YES;
				CLANG_WARN_UNGUARDED_AVAILABILITY = YES_AGGRESSIVE;
				CLANG_WARN_UNREACHABLE_CODE = YES;
				CLANG_WARN__DUPLICATE_METHOD_MATCH = YES;
				COPY_PHASE_STRIP = NO;
				DEBUG_INFORMATION_FORMAT = dwarf;
				ENABLE_STRICT_OBJC_MSGSEND = YES;
				ENABLE_TESTABILITY = YES;
				GCC_C_LANGUAGE_STANDARD = gnu11;
				GCC_DYNAMIC_NO_PIC = NO;
				GCC_NO_COMMON_BLOCKS = YES;
				GCC_OPTIMIZATION_LEVEL = 0;
				GCC_PREPROCESSOR_DEFINITIONS = (
					"DEBUG=1",
					"$(inherited)",
				);
				GCC_WARN_64_TO_32_BIT_CONVERSION = YES;
				GCC_WARN_ABOUT_RETURN_TYPE = YES_ERROR;
				GCC_WARN_UNDECLARED_SELECTOR = YES;
				GCC_WARN_UNINITIALIZED_AUTOS = YES_AGGRESSIVE;
				GCC_WARN_UNUSED_FUNCTION = YES;
				GCC_WARN_UNUSED_VARIABLE = YES;
				IPHONEOS_DEPLOYMENT_TARGET = 16.4;
				MTL_ENABLE_DEBUG_INFO = INCLUDE_SOURCE;
				MTL_FAST_MATH = YES;
				ONLY_ACTIVE_ARCH = YES;
				SDKROOT = iphoneos;
				SWIFT_ACTIVE_COMPILATION_CONDITIONS = DEBUG;
				SWIFT_OPTIMIZATION_LEVEL = "-Onone";
			};
			name = Debug;
		};
		7065BAFA2B28DBED00CBABB8 /* Release */ = {
			isa = XCBuildConfiguration;
			buildSettings = {
				ALWAYS_SEARCH_USER_PATHS = NO;
				CLANG_ANALYZER_NONNULL = YES;
				CLANG_ANALYZER_NUMBER_OBJECT_CONVERSION = YES_AGGRESSIVE;
				CLANG_CXX_LANGUAGE_STANDARD = "gnu++20";
				CLANG_ENABLE_MODULES = YES;
				CLANG_ENABLE_OBJC_ARC = YES;
				CLANG_ENABLE_OBJC_WEAK = YES;
				CLANG_WARN_BLOCK_CAPTURE_AUTORELEASING = YES;
				CLANG_WARN_BOOL_CONVERSION = YES;
				CLANG_WARN_COMMA = YES;
				CLANG_WARN_CONSTANT_CONVERSION = YES;
				CLANG_WARN_DEPRECATED_OBJC_IMPLEMENTATIONS = YES;
				CLANG_WARN_DIRECT_OBJC_ISA_USAGE = YES_ERROR;
				CLANG_WARN_DOCUMENTATION_COMMENTS = YES;
				CLANG_WARN_EMPTY_BODY = YES;
				CLANG_WARN_ENUM_CONVERSION = YES;
				CLANG_WARN_INFINITE_RECURSION = YES;
				CLANG_WARN_INT_CONVERSION = YES;
				CLANG_WARN_NON_LITERAL_NULL_CONVERSION = YES;
				CLANG_WARN_OBJC_IMPLICIT_RETAIN_SELF = YES;
				CLANG_WARN_OBJC_LITERAL_CONVERSION = YES;
				CLANG_WARN_OBJC_ROOT_CLASS = YES_ERROR;
				CLANG_WARN_QUOTED_INCLUDE_IN_FRAMEWORK_HEADER = YES;
				CLANG_WARN_RANGE_LOOP_ANALYSIS = YES;
				CLANG_WARN_STRICT_PROTOTYPES = YES;
				CLANG_WARN_SUSPICIOUS_MOVE = YES;
				CLANG_WARN_UNGUARDED_AVAILABILITY = YES_AGGRESSIVE;
				CLANG_WARN_UNREACHABLE_CODE = YES;
				CLANG_WARN__DUPLICATE_METHOD_MATCH = YES;
				COPY_PHASE_STRIP = NO;
				DEBUG_INFORMATION_FORMAT = "dwarf-with-dsym";
				ENABLE_NS_ASSERTIONS = NO;
				ENABLE_STRICT_OBJC_MSGSEND = YES;
				GCC_C_LANGUAGE_STANDARD = gnu11;
				GCC_NO_COMMON_BLOCKS = YES;
				GCC_WARN_64_TO_32_BIT_CONVERSION = YES;
				GCC_WARN_ABOUT_RETURN_TYPE = YES_ERROR;
				GCC_WARN_UNDECLARED_SELECTOR = YES;
				GCC_WARN_UNINITIALIZED_AUTOS = YES_AGGRESSIVE;
				GCC_WARN_UNUSED_FUNCTION = YES;
				GCC_WARN_UNUSED_VARIABLE = YES;
				IPHONEOS_DEPLOYMENT_TARGET = 16.4;
				MTL_ENABLE_DEBUG_INFO = NO;
				MTL_FAST_MATH = YES;
				SDKROOT = iphoneos;
				SWIFT_COMPILATION_MODE = wholemodule;
				SWIFT_OPTIMIZATION_LEVEL = "-O";
				VALIDATE_PRODUCT = YES;
			};
			name = Release;
		};
		7065BAFC2B28DBED00CBABB8 /* Debug */ = {
			isa = XCBuildConfiguration;
			buildSettings = {
				ASSETCATALOG_COMPILER_APPICON_NAME = AppIcon;
				ASSETCATALOG_COMPILER_GLOBAL_ACCENT_COLOR_NAME = AccentColor;
				CODE_SIGN_STYLE = Automatic;
				CURRENT_PROJECT_VERSION = 1;
				GENERATE_INFOPLIST_FILE = YES;
				INFOPLIST_FILE = RickAndMorty/Info.plist;
				INFOPLIST_KEY_UIApplicationSupportsIndirectInputEvents = YES;
				INFOPLIST_KEY_UILaunchStoryboardName = LaunchScreen;
				INFOPLIST_KEY_UISupportedInterfaceOrientations_iPad = "UIInterfaceOrientationPortrait UIInterfaceOrientationPortraitUpsideDown UIInterfaceOrientationLandscapeLeft UIInterfaceOrientationLandscapeRight";
				INFOPLIST_KEY_UISupportedInterfaceOrientations_iPhone = "UIInterfaceOrientationPortrait UIInterfaceOrientationLandscapeLeft UIInterfaceOrientationLandscapeRight";
				IPHONEOS_DEPLOYMENT_TARGET = 14.0;
				LD_RUNPATH_SEARCH_PATHS = (
					"$(inherited)",
					"@executable_path/Frameworks",
				);
				MARKETING_VERSION = 1.0;
				PRODUCT_BUNDLE_IDENTIFIER = ru.NairoNFeeD.RickAndMorty;
				PRODUCT_NAME = "$(TARGET_NAME)";
				SWIFT_EMIT_LOC_STRINGS = YES;
				SWIFT_VERSION = 5.0;
				TARGETED_DEVICE_FAMILY = "1,2";
			};
			name = Debug;
		};
		7065BAFD2B28DBED00CBABB8 /* Release */ = {
			isa = XCBuildConfiguration;
			buildSettings = {
				ASSETCATALOG_COMPILER_APPICON_NAME = AppIcon;
				ASSETCATALOG_COMPILER_GLOBAL_ACCENT_COLOR_NAME = AccentColor;
				CODE_SIGN_STYLE = Automatic;
				CURRENT_PROJECT_VERSION = 1;
				GENERATE_INFOPLIST_FILE = YES;
				INFOPLIST_FILE = RickAndMorty/Info.plist;
				INFOPLIST_KEY_UIApplicationSupportsIndirectInputEvents = YES;
				INFOPLIST_KEY_UILaunchStoryboardName = LaunchScreen;
				INFOPLIST_KEY_UISupportedInterfaceOrientations_iPad = "UIInterfaceOrientationPortrait UIInterfaceOrientationPortraitUpsideDown UIInterfaceOrientationLandscapeLeft UIInterfaceOrientationLandscapeRight";
				INFOPLIST_KEY_UISupportedInterfaceOrientations_iPhone = "UIInterfaceOrientationPortrait UIInterfaceOrientationLandscapeLeft UIInterfaceOrientationLandscapeRight";
				IPHONEOS_DEPLOYMENT_TARGET = 14.0;
				LD_RUNPATH_SEARCH_PATHS = (
					"$(inherited)",
					"@executable_path/Frameworks",
				);
				MARKETING_VERSION = 1.0;
				PRODUCT_BUNDLE_IDENTIFIER = ru.NairoNFeeD.RickAndMorty;
				PRODUCT_NAME = "$(TARGET_NAME)";
				SWIFT_EMIT_LOC_STRINGS = YES;
				SWIFT_VERSION = 5.0;
				TARGETED_DEVICE_FAMILY = "1,2";
			};
			name = Release;
		};
/* End XCBuildConfiguration section */

/* Begin XCConfigurationList section */
		7065BAE22B28DBE900CBABB8 /* Build configuration list for PBXProject "RickAndMorty" */ = {
			isa = XCConfigurationList;
			buildConfigurations = (
				7065BAF92B28DBED00CBABB8 /* Debug */,
				7065BAFA2B28DBED00CBABB8 /* Release */,
			);
			defaultConfigurationIsVisible = 0;
			defaultConfigurationName = Release;
		};
		7065BAFB2B28DBED00CBABB8 /* Build configuration list for PBXNativeTarget "RickAndMorty" */ = {
			isa = XCConfigurationList;
			buildConfigurations = (
				7065BAFC2B28DBED00CBABB8 /* Debug */,
				7065BAFD2B28DBED00CBABB8 /* Release */,
			);
			defaultConfigurationIsVisible = 0;
			defaultConfigurationName = Release;
		};
/* End XCConfigurationList section */

/* Begin XCVersionGroup section */
		7065BB1C2B2F21FC00CBABB8 /* CoreDataModelEpisodes.xcdatamodeld */ = {
			isa = XCVersionGroup;
			children = (
				7065BB1D2B2F21FD00CBABB8 /* CoreDataModelEpisodes.xcdatamodel */,
			);
			currentVersion = 7065BB1D2B2F21FD00CBABB8 /* CoreDataModelEpisodes.xcdatamodel */;
			path = CoreDataModelEpisodes.xcdatamodeld;
			sourceTree = "<group>";
			versionGroupType = wrapper.xcdatamodel;
		};
/* End XCVersionGroup section */
	};
	rootObject = 7065BADF2B28DBE900CBABB8 /* Project object */;
}
